// !$*UTF8*$!
{
	archiveVersion = 1;
	classes = {
	};
	objectVersion = 46;
	objects = {

/* Begin PBXBuildFile section */
		C072A1071E0668F000A35302 /* AppDelegate.swift in Sources */ = {isa = PBXBuildFile; fileRef = C072A1061E0668F000A35302 /* AppDelegate.swift */; };
		C072A1091E0668F000A35302 /* ViewController.swift in Sources */ = {isa = PBXBuildFile; fileRef = C072A1081E0668F000A35302 /* ViewController.swift */; };
		C072A10C1E0668F000A35302 /* Main.storyboard in Resources */ = {isa = PBXBuildFile; fileRef = C072A10A1E0668F000A35302 /* Main.storyboard */; };
		C072A10E1E0668F000A35302 /* Assets.xcassets in Resources */ = {isa = PBXBuildFile; fileRef = C072A10D1E0668F000A35302 /* Assets.xcassets */; };
		C072A1111E0668F000A35302 /* LaunchScreen.storyboard in Resources */ = {isa = PBXBuildFile; fileRef = C072A10F1E0668F000A35302 /* LaunchScreen.storyboard */; };
/* End PBXBuildFile section */

/* Begin PBXFileReference section */
		C072A1031E0668F000A35302 /* don't_break_the_chain.app */ = {isa = PBXFileReference; explicitFileType = wrapper.application; includeInIndex = 0; path = "don't_break_the_chain.app"; sourceTree = BUILT_PRODUCTS_DIR; };
		C072A1061E0668F000A35302 /* AppDelegate.swift */ = {isa = PBXFileReference; lastKnownFileType = sourcecode.swift; path = AppDelegate.swift; sourceTree = "<group>"; };
		C072A1081E0668F000A35302 /* ViewController.swift */ = {isa = PBXFileReference; lastKnownFileType = sourcecode.swift; path = ViewController.swift; sourceTree = "<group>"; };
		C072A10B1E0668F000A35302 /* Base */ = {isa = PBXFileReference; lastKnownFileType = file.storyboard; name = Base; path = Base.lproj/Main.storyboard; sourceTree = "<group>"; };
		C072A10D1E0668F000A35302 /* Assets.xcassets */ = {isa = PBXFileReference; lastKnownFileType = folder.assetcatalog; path = Assets.xcassets; sourceTree = "<group>"; };
		C072A1101E0668F000A35302 /* Base */ = {isa = PBXFileReference; lastKnownFileType = file.storyboard; name = Base; path = Base.lproj/LaunchScreen.storyboard; sourceTree = "<group>"; };
		C072A1121E0668F000A35302 /* Info.plist */ = {isa = PBXFileReference; lastKnownFileType = text.plist.xml; path = Info.plist; sourceTree = "<group>"; };
/* End PBXFileReference section */

/* Begin PBXFrameworksBuildPhase section */
		C072A1001E0668F000A35302 /* Frameworks */ = {
			isa = PBXFrameworksBuildPhase;
			buildActionMask = 2147483647;
			files = (
			);
			runOnlyForDeploymentPostprocessing = 0;
		};
/* End PBXFrameworksBuildPhase section */

/* Begin PBXGroup section */
		C072A0FA1E0668F000A35302 = {
			isa = PBXGroup;
			children = (
				C072A1051E0668F000A35302 /* don't_break_the_chain */,
				C072A1041E0668F000A35302 /* Products */,
			);
			sourceTree = "<group>";
		};
		C072A1041E0668F000A35302 /* Products */ = {
			isa = PBXGroup;
			children = (
				C072A1031E0668F000A35302 /* don't_break_the_chain.app */,
			);
			name = Products;
			sourceTree = "<group>";
		};
		C072A1051E0668F000A35302 /* don't_break_the_chain */ = {
			isa = PBXGroup;
			children = (
				C072A1061E0668F000A35302 /* AppDelegate.swift */,
				C072A1081E0668F000A35302 /* ViewController.swift */,
				C072A10A1E0668F000A35302 /* Main.storyboard */,
				C072A10D1E0668F000A35302 /* Assets.xcassets */,
				C072A10F1E0668F000A35302 /* LaunchScreen.storyboard */,
				C072A1121E0668F000A35302 /* Info.plist */,
			);
			path = "don't_break_the_chain";
			sourceTree = "<group>";
		};
/* End PBXGroup section */

/* Begin PBXNativeTarget section */
		C072A1021E0668F000A35302 /* don't_break_the_chain */ = {
			isa = PBXNativeTarget;
			buildConfigurationList = C072A1151E0668F000A35302 /* Build configuration list for PBXNativeTarget "don't_break_the_chain" */;
			buildPhases = (
				C072A0FF1E0668F000A35302 /* Sources */,
				C072A1001E0668F000A35302 /* Frameworks */,
				C072A1011E0668F000A35302 /* Resources */,
			);
			buildRules = (
			);
			dependencies = (
			);
			name = "don't_break_the_chain";
			productName = "don't_break_the_chain";
			productReference = C072A1031E0668F000A35302 /* don't_break_the_chain.app */;
			productType = "com.apple.product-type.application";
		};
/* End PBXNativeTarget section */

/* Begin PBXProject section */
		C072A0FB1E0668F000A35302 /* Project object */ = {
			isa = PBXProject;
			attributes = {
				LastSwiftUpdateCheck = 0820;
				LastUpgradeCheck = 0820;
				ORGANIZATIONNAME = yusuke.fujita;
				TargetAttributes = {
					C072A1021E0668F000A35302 = {
						CreatedOnToolsVersion = 8.2;
						ProvisioningStyle = Automatic;
					};
				};
			};
			buildConfigurationList = C072A0FE1E0668F000A35302 /* Build configuration list for PBXProject "don't_break_the_chain" */;
			compatibilityVersion = "Xcode 3.2";
			developmentRegion = English;
			hasScannedForEncodings = 0;
			knownRegions = (
				en,
				Base,
			);
			mainGroup = C072A0FA1E0668F000A35302;
			productRefGroup = C072A1041E0668F000A35302 /* Products */;
			projectDirPath = "";
			projectRoot = "";
			targets = (
				C072A1021E0668F000A35302 /* don't_break_the_chain */,
			);
		};
/* End PBXProject section */

/* Begin PBXResourcesBuildPhase section */
		C072A1011E0668F000A35302 /* Resources */ = {
			isa = PBXResourcesBuildPhase;
			buildActionMask = 2147483647;
			files = (
				C072A1111E0668F000A35302 /* LaunchScreen.storyboard in Resources */,
				C072A10E1E0668F000A35302 /* Assets.xcassets in Resources */,
				C072A10C1E0668F000A35302 /* Main.storyboard in Resources */,
			);
			runOnlyForDeploymentPostprocessing = 0;
		};
/* End PBXResourcesBuildPhase section */

/* Begin PBXSourcesBuildPhase section */
		C072A0FF1E0668F000A35302 /* Sources */ = {
			isa = PBXSourcesBuildPhase;
			buildActionMask = 2147483647;
			files = (
				C072A1091E0668F000A35302 /* ViewController.swift in Sources */,
				C072A1071E0668F000A35302 /* AppDelegate.swift in Sources */,
			);
			runOnlyForDeploymentPostprocessing = 0;
		};
/* End PBXSourcesBuildPhase section */

/* Begin PBXVariantGroup section */
		C072A10A1E0668F000A35302 /* Main.storyboard */ = {
			isa = PBXVariantGroup;
			children = (
				C072A10B1E0668F000A35302 /* Base */,
			);
			name = Main.storyboard;
			sourceTree = "<group>";
		};
		C072A10F1E0668F000A35302 /* LaunchScreen.storyboard */ = {
			isa = PBXVariantGroup;
			children = (
				C072A1101E0668F000A35302 /* Base */,
			);
			name = LaunchScreen.storyboard;
			sourceTree = "<group>";
		};
/* End PBXVariantGroup section */

/* Begin XCBuildConfiguration section */
		C072A1131E0668F000A35302 /* Debug */ = {
			isa = XCBuildConfiguration;
			buildSettings = {
				ALWAYS_SEARCH_USER_PATHS = NO;
				CLANG_ANALYZER_NONNULL = YES;
				CLANG_CXX_LANGUAGE_STANDARD = "gnu++0x";
				CLANG_CXX_LIBRARY = "libc++";
				CLANG_ENABLE_MODULES = YES;
				CLANG_ENABLE_OBJC_ARC = YES;
				CLANG_WARN_BOOL_CONVERSION = YES;
				CLANG_WARN_CONSTANT_CONVERSION = YES;
				CLANG_WARN_DIRECT_OBJC_ISA_USAGE = YES_ERROR;
				CLANG_WARN_DOCUMENTATION_COMMENTS = YES;
				CLANG_WARN_EMPTY_BODY = YES;
				CLANG_WARN_ENUM_CONVERSION = YES;
				CLANG_WARN_INFINITE_RECURSION = YES;
				CLANG_WARN_INT_CONVERSION = YES;
				CLANG_WARN_OBJC_ROOT_CLASS = YES_ERROR;
				CLANG_WARN_SUSPICIOUS_MOVE = YES;
				CLANG_WARN_UNREACHABLE_CODE = YES;
				CLANG_WARN__DUPLICATE_METHOD_MATCH = YES;
				"CODE_SIGN_IDENTITY[sdk=iphoneos*]" = "iPhone Developer";
				COPY_PHASE_STRIP = NO;
				DEBUG_INFORMATION_FORMAT = dwarf;
				ENABLE_STRICT_OBJC_MSGSEND = YES;
				ENABLE_TESTABILITY = YES;
				GCC_C_LANGUAGE_STANDARD = gnu99;
				GCC_DYNAMIC_NO_PIC = NO;
				GCC_NO_COMMON_BLOCKS = YES;
				GCC_OPTIMIZATION_LEVEL = 0;
				GCC_PREPROCESSOR_DEFINITIONS = (
					"DEBUG=1",
					"$(inherited)",
				);
				GCC_WARN_64_TO_32_BIT_CONVERSION = YES;
				GCC_WARN_ABOUT_RETURN_TYPE = YES_ERROR;
				GCC_WARN_UNDECLARED_SELECTOR = YES;
				GCC_WARN_UNINITIALIZED_AUTOS = YES_AGGRESSIVE;
				GCC_WARN_UNUSED_FUNCTION = YES;
				GCC_WARN_UNUSED_VARIABLE = YES;
				IPHONEOS_DEPLOYMENT_TARGET = 10.2;
				MTL_ENABLE_DEBUG_INFO = YES;
				ONLY_ACTIVE_ARCH = YES;
				SDKROOT = iphoneos;
				SWIFT_ACTIVE_COMPILATION_CONDITIONS = DEBUG;
				SWIFT_OPTIMIZATION_LEVEL = "-Onone";
			};
			name = Debug;
		};
		C072A1141E0668F000A35302 /* Release */ = {
			isa = XCBuildConfiguration;
			buildSettings = {
				ALWAYS_SEARCH_USER_PATHS = NO;
				CLANG_ANALYZER_NONNULL = YES;
				CLANG_CXX_LANGUAGE_STANDARD = "gnu++0x";
				CLANG_CXX_LIBRARY = "libc++";
				CLANG_ENABLE_MODULES = YES;
				CLANG_ENABLE_OBJC_ARC = YES;
				CLANG_WARN_BOOL_CONVERSION = YES;
				CLANG_WARN_CONSTANT_CONVERSION = YES;
				CLANG_WARN_DIRECT_OBJC_ISA_USAGE = YES_ERROR;
				CLANG_WARN_DOCUMENTATION_COMMENTS = YES;
				CLANG_WARN_EMPTY_BODY = YES;
				CLANG_WARN_ENUM_CONVERSION = YES;
				CLANG_WARN_INFINITE_RECURSION = YES;
				CLANG_WARN_INT_CONVERSION = YES;
				CLANG_WARN_OBJC_ROOT_CLASS = YES_ERROR;
				CLANG_WARN_SUSPICIOUS_MOVE = YES;
				CLANG_WARN_UNREACHABLE_CODE = YES;
				CLANG_WARN__DUPLICATE_METHOD_MATCH = YES;
				"CODE_SIGN_IDENTITY[sdk=iphoneos*]" = "iPhone Developer";
				COPY_PHASE_STRIP = NO;
				DEBUG_INFORMATION_FORMAT = "dwarf-with-dsym";
				ENABLE_NS_ASSERTIONS = NO;
				ENABLE_STRICT_OBJC_MSGSEND = YES;
				GCC_C_LANGUAGE_STANDARD = gnu99;
				GCC_NO_COMMON_BLOCKS = YES;
				GCC_WARN_64_TO_32_BIT_CONVERSION = YES;
				GCC_WARN_ABOUT_RETURN_TYPE = YES_ERROR;
				GCC_WARN_UNDECLARED_SELECTOR = YES;
				GCC_WARN_UNINITIALIZED_AUTOS = YES_AGGRESSIVE;
				GCC_WARN_UNUSED_FUNCTION = YES;
				GCC_WARN_UNUSED_VARIABLE = YES;
				IPHONEOS_DEPLOYMENT_TARGET = 10.2;
				MTL_ENABLE_DEBUG_INFO = NO;
				SDKROOT = iphoneos;
				SWIFT_OPTIMIZATION_LEVEL = "-Owholemodule";
				VALIDATE_PRODUCT = YES;
			};
			name = Release;
		};
		C072A1161E0668F000A35302 /* Debug */ = {
			isa = XCBuildConfiguration;
			buildSettings = {
				ASSETCATALOG_COMPILER_APPICON_NAME = AppIcon;
				INFOPLIST_FILE = "don't_break_the_chain/Info.plist";
				LD_RUNPATH_SEARCH_PATHS = "$(inherited) @executable_path/Frameworks";
				PRODUCT_BUNDLE_IDENTIFIER = "jp.don-t-break-the-chain.don-t-break-the-chain";
				PRODUCT_NAME = "$(TARGET_NAME)";
				SWIFT_VERSION = 3.0;
			};
			name = Debug;
		};
		C072A1171E0668F000A35302 /* Release */ = {
			isa = XCBuildConfiguration;
			buildSettings = {
				ASSETCATALOG_COMPILER_APPICON_NAME = AppIcon;
				INFOPLIST_FILE = "don't_break_the_chain/Info.plist";
				LD_RUNPATH_SEARCH_PATHS = "$(inherited) @executable_path/Frameworks";
				PRODUCT_BUNDLE_IDENTIFIER = "jp.don-t-break-the-chain.don-t-break-the-chain";
				PRODUCT_NAME = "$(TARGET_NAME)";
				SWIFT_VERSION = 3.0;
			};
			name = Release;
		};
/* End XCBuildConfiguration section */

/* Begin XCConfigurationList section */
		C072A0FE1E0668F000A35302 /* Build configuration list for PBXProject "don't_break_the_chain" */ = {
			isa = XCConfigurationList;
			buildConfigurations = (
				C072A1131E0668F000A35302 /* Debug */,
				C072A1141E0668F000A35302 /* Release */,
			);
			defaultConfigurationIsVisible = 0;
			defaultConfigurationName = Release;
		};
		C072A1151E0668F000A35302 /* Build configuration list for PBXNativeTarget "don't_break_the_chain" */ = {
			isa = XCConfigurationList;
			buildConfigurations = (
				C072A1161E0668F000A35302 /* Debug */,
				C072A1171E0668F000A35302 /* Release */,
			);
			defaultConfigurationIsVisible = 0;
		};
/* End XCConfigurationList section */
	};
	rootObject = C072A0FB1E0668F000A35302 /* Project object */;
}
